// !$*UTF8*$!
{
	archiveVersion = 1;
	classes = {
	};
	objectVersion = 46;
	objects = {

/* Begin PBXBuildFile section */
		A7EF8A283C908D5743D7F4F3 /* libPods-QRCode.a in Frameworks */ = {isa = PBXBuildFile; fileRef = 9229E3A4E4DC0FDFCDA6BF07 /* libPods-QRCode.a */; };
		C284BE7A1EF8A5CF0024DF5D /* share_kber@2x.png in Resources */ = {isa = PBXBuildFile; fileRef = C284BE781EF8A5CF0024DF5D /* share_kber@2x.png */; };
		C284BE7B1EF8A5CF0024DF5D /* share_kber@3x.png in Resources */ = {isa = PBXBuildFile; fileRef = C284BE791EF8A5CF0024DF5D /* share_kber@3x.png */; };
		C2A0758C1EEEC4D30095B568 /* ShareViewController.m in Sources */ = {isa = PBXBuildFile; fileRef = C2A0758A1EEEC4D30095B568 /* ShareViewController.m */; };
		C2A0758D1EEEC4D30095B568 /* ShareViewController.xib in Resources */ = {isa = PBXBuildFile; fileRef = C2A0758B1EEEC4D30095B568 /* ShareViewController.xib */; };
		C2AD43621EE53FBC00B231BE /* main.m in Sources */ = {isa = PBXBuildFile; fileRef = C2AD43611EE53FBC00B231BE /* main.m */; };
		C2AD43651EE53FBC00B231BE /* AppDelegate.m in Sources */ = {isa = PBXBuildFile; fileRef = C2AD43641EE53FBC00B231BE /* AppDelegate.m */; };
		C2AD436D1EE53FBC00B231BE /* Assets.xcassets in Resources */ = {isa = PBXBuildFile; fileRef = C2AD436C1EE53FBC00B231BE /* Assets.xcassets */; };
		C2AD43701EE53FBC00B231BE /* LaunchScreen.storyboard in Resources */ = {isa = PBXBuildFile; fileRef = C2AD436E1EE53FBC00B231BE /* LaunchScreen.storyboard */; };
		C2AD43851EE548EF00B231BE /* QRCViewController.m in Sources */ = {isa = PBXBuildFile; fileRef = C2AD43831EE548EF00B231BE /* QRCViewController.m */; };
		C2AD43861EE548EF00B231BE /* QRCViewController.xib in Resources */ = {isa = PBXBuildFile; fileRef = C2AD43841EE548EF00B231BE /* QRCViewController.xib */; };
		C2AD438A1EE5499E00B231BE /* MainViewController.m in Sources */ = {isa = PBXBuildFile; fileRef = C2AD43881EE5499E00B231BE /* MainViewController.m */; };
		C2AD438B1EE5499E00B231BE /* MainViewController.xib in Resources */ = {isa = PBXBuildFile; fileRef = C2AD43891EE5499E00B231BE /* MainViewController.xib */; };
		C2AD438F1EE54A6500B231BE /* XIBViewController.m in Sources */ = {isa = PBXBuildFile; fileRef = C2AD438D1EE54A6500B231BE /* XIBViewController.m */; };
		C2AD43901EE54A6500B231BE /* XIBViewController.xib in Resources */ = {isa = PBXBuildFile; fileRef = C2AD438E1EE54A6500B231BE /* XIBViewController.xib */; };
		DF3FB05B526E746D548783A0 /* libPods-KKQRCode.a in Frameworks */ = {isa = PBXBuildFile; fileRef = E9519F0E1650E5CBE7225213 /* libPods-KKQRCode.a */; };
/* End PBXBuildFile section */

/* Begin PBXFileReference section */
		9229E3A4E4DC0FDFCDA6BF07 /* libPods-QRCode.a */ = {isa = PBXFileReference; explicitFileType = archive.ar; includeInIndex = 0; path = "libPods-QRCode.a"; sourceTree = BUILT_PRODUCTS_DIR; };
		96B2E2C10A7D84E1DDC35DAC /* Pods-KKQRCode.release.xcconfig */ = {isa = PBXFileReference; includeInIndex = 1; lastKnownFileType = text.xcconfig; name = "Pods-KKQRCode.release.xcconfig"; path = "Pods/Target Support Files/Pods-KKQRCode/Pods-KKQRCode.release.xcconfig"; sourceTree = "<group>"; };
		C1DAEEAF09B509F048C0D975 /* Pods-QRCode.release.xcconfig */ = {isa = PBXFileReference; includeInIndex = 1; lastKnownFileType = text.xcconfig; name = "Pods-QRCode.release.xcconfig"; path = "Pods/Target Support Files/Pods-QRCode/Pods-QRCode.release.xcconfig"; sourceTree = "<group>"; };
		C284BE781EF8A5CF0024DF5D /* share_kber@2x.png */ = {isa = PBXFileReference; lastKnownFileType = image.png; path = "share_kber@2x.png"; sourceTree = "<group>"; };
		C284BE791EF8A5CF0024DF5D /* share_kber@3x.png */ = {isa = PBXFileReference; lastKnownFileType = image.png; path = "share_kber@3x.png"; sourceTree = "<group>"; };
		C2A075891EEEC4D30095B568 /* ShareViewController.h */ = {isa = PBXFileReference; fileEncoding = 4; lastKnownFileType = sourcecode.c.h; lineEnding = 0; path = ShareViewController.h; sourceTree = "<group>"; xcLanguageSpecificationIdentifier = xcode.lang.objcpp; };
		C2A0758A1EEEC4D30095B568 /* ShareViewController.m */ = {isa = PBXFileReference; fileEncoding = 4; lastKnownFileType = sourcecode.c.objc; lineEnding = 0; path = ShareViewController.m; sourceTree = "<group>"; xcLanguageSpecificationIdentifier = xcode.lang.objc; };
		C2A0758B1EEEC4D30095B568 /* ShareViewController.xib */ = {isa = PBXFileReference; fileEncoding = 4; lastKnownFileType = file.xib; path = ShareViewController.xib; sourceTree = "<group>"; };
		C2AD435D1EE53FBC00B231BE /* QRCode.app */ = {isa = PBXFileReference; explicitFileType = wrapper.application; includeInIndex = 0; path = QRCode.app; sourceTree = BUILT_PRODUCTS_DIR; };
		C2AD43611EE53FBC00B231BE /* main.m */ = {isa = PBXFileReference; lastKnownFileType = sourcecode.c.objc; lineEnding = 0; path = main.m; sourceTree = "<group>"; xcLanguageSpecificationIdentifier = xcode.lang.objc; };
		C2AD43631EE53FBC00B231BE /* AppDelegate.h */ = {isa = PBXFileReference; lastKnownFileType = sourcecode.c.h; lineEnding = 0; path = AppDelegate.h; sourceTree = "<group>"; xcLanguageSpecificationIdentifier = xcode.lang.objcpp; };
		C2AD43641EE53FBC00B231BE /* AppDelegate.m */ = {isa = PBXFileReference; lastKnownFileType = sourcecode.c.objc; lineEnding = 0; path = AppDelegate.m; sourceTree = "<group>"; xcLanguageSpecificationIdentifier = xcode.lang.objc; };
		C2AD436C1EE53FBC00B231BE /* Assets.xcassets */ = {isa = PBXFileReference; lastKnownFileType = folder.assetcatalog; path = Assets.xcassets; sourceTree = "<group>"; };
		C2AD436F1EE53FBC00B231BE /* Base */ = {isa = PBXFileReference; lastKnownFileType = file.storyboard; name = Base; path = Base.lproj/LaunchScreen.storyboard; sourceTree = "<group>"; };
		C2AD43711EE53FBC00B231BE /* Info.plist */ = {isa = PBXFileReference; lastKnownFileType = text.plist.xml; path = Info.plist; sourceTree = "<group>"; };
		C2AD43821EE548EF00B231BE /* QRCViewController.h */ = {isa = PBXFileReference; fileEncoding = 4; lastKnownFileType = sourcecode.c.h; lineEnding = 0; path = QRCViewController.h; sourceTree = "<group>"; xcLanguageSpecificationIdentifier = xcode.lang.objcpp; };
		C2AD43831EE548EF00B231BE /* QRCViewController.m */ = {isa = PBXFileReference; fileEncoding = 4; lastKnownFileType = sourcecode.c.objc; lineEnding = 0; path = QRCViewController.m; sourceTree = "<group>"; xcLanguageSpecificationIdentifier = xcode.lang.objc; };
		C2AD43841EE548EF00B231BE /* QRCViewController.xib */ = {isa = PBXFileReference; fileEncoding = 4; lastKnownFileType = file.xib; path = QRCViewController.xib; sourceTree = "<group>"; };
		C2AD43871EE5499E00B231BE /* MainViewController.h */ = {isa = PBXFileReference; fileEncoding = 4; lastKnownFileType = sourcecode.c.h; lineEnding = 0; path = MainViewController.h; sourceTree = "<group>"; xcLanguageSpecificationIdentifier = xcode.lang.objcpp; };
		C2AD43881EE5499E00B231BE /* MainViewController.m */ = {isa = PBXFileReference; fileEncoding = 4; lastKnownFileType = sourcecode.c.objc; lineEnding = 0; path = MainViewController.m; sourceTree = "<group>"; xcLanguageSpecificationIdentifier = xcode.lang.objc; };
		C2AD43891EE5499E00B231BE /* MainViewController.xib */ = {isa = PBXFileReference; fileEncoding = 4; lastKnownFileType = file.xib; path = MainViewController.xib; sourceTree = "<group>"; };
		C2AD438C1EE54A6500B231BE /* XIBViewController.h */ = {isa = PBXFileReference; fileEncoding = 4; lastKnownFileType = sourcecode.c.h; lineEnding = 0; path = XIBViewController.h; sourceTree = "<group>"; xcLanguageSpecificationIdentifier = xcode.lang.objcpp; };
		C2AD438D1EE54A6500B231BE /* XIBViewController.m */ = {isa = PBXFileReference; fileEncoding = 4; lastKnownFileType = sourcecode.c.objc; lineEnding = 0; path = XIBViewController.m; sourceTree = "<group>"; xcLanguageSpecificationIdentifier = xcode.lang.objc; };
		C2AD438E1EE54A6500B231BE /* XIBViewController.xib */ = {isa = PBXFileReference; fileEncoding = 4; lastKnownFileType = file.xib; path = XIBViewController.xib; sourceTree = "<group>"; };
		E163BB5F153D6A99FBE488C3 /* Pods-QRCode.debug.xcconfig */ = {isa = PBXFileReference; includeInIndex = 1; lastKnownFileType = text.xcconfig; name = "Pods-QRCode.debug.xcconfig"; path = "Pods/Target Support Files/Pods-QRCode/Pods-QRCode.debug.xcconfig"; sourceTree = "<group>"; };
		E9519F0E1650E5CBE7225213 /* libPods-KKQRCode.a */ = {isa = PBXFileReference; explicitFileType = archive.ar; includeInIndex = 0; path = "libPods-KKQRCode.a"; sourceTree = BUILT_PRODUCTS_DIR; };
		F888D55AB8DB9D460FFB6DD9 /* Pods-KKQRCode.debug.xcconfig */ = {isa = PBXFileReference; includeInIndex = 1; lastKnownFileType = text.xcconfig; name = "Pods-KKQRCode.debug.xcconfig"; path = "Pods/Target Support Files/Pods-KKQRCode/Pods-KKQRCode.debug.xcconfig"; sourceTree = "<group>"; };
/* End PBXFileReference section */

/* Begin PBXFrameworksBuildPhase section */
		C2AD435A1EE53FBC00B231BE /* Frameworks */ = {
			isa = PBXFrameworksBuildPhase;
			buildActionMask = 2147483647;
			files = (
				DF3FB05B526E746D548783A0 /* libPods-KKQRCode.a in Frameworks */,
				A7EF8A283C908D5743D7F4F3 /* libPods-QRCode.a in Frameworks */,
			);
			runOnlyForDeploymentPostprocessing = 0;
		};
/* End PBXFrameworksBuildPhase section */

/* Begin PBXGroup section */
		55FC067D823D8C882579FA1C /* Frameworks */ = {
			isa = PBXGroup;
			children = (
				E9519F0E1650E5CBE7225213 /* libPods-KKQRCode.a */,
				9229E3A4E4DC0FDFCDA6BF07 /* libPods-QRCode.a */,
			);
			name = Frameworks;
			sourceTree = "<group>";
		};
		A2365C66B710FFD158F67A6F /* Pods */ = {
			isa = PBXGroup;
			children = (
				F888D55AB8DB9D460FFB6DD9 /* Pods-KKQRCode.debug.xcconfig */,
				96B2E2C10A7D84E1DDC35DAC /* Pods-KKQRCode.release.xcconfig */,
				E163BB5F153D6A99FBE488C3 /* Pods-QRCode.debug.xcconfig */,
				C1DAEEAF09B509F048C0D975 /* Pods-QRCode.release.xcconfig */,
			);
			name = Pods;
			sourceTree = "<group>";
		};
		C2AD43541EE53FBC00B231BE = {
			isa = PBXGroup;
			children = (
				C2AD435F1EE53FBC00B231BE /* QRCode */,
				C2AD435E1EE53FBC00B231BE /* Products */,
				A2365C66B710FFD158F67A6F /* Pods */,
				55FC067D823D8C882579FA1C /* Frameworks */,
			);
			sourceTree = "<group>";
		};
		C2AD435E1EE53FBC00B231BE /* Products */ = {
			isa = PBXGroup;
			children = (
				C2AD435D1EE53FBC00B231BE /* QRCode.app */,
			);
			name = Products;
			sourceTree = "<group>";
		};
		C2AD435F1EE53FBC00B231BE /* QRCode */ = {
			isa = PBXGroup;
			children = (
				C2AD43631EE53FBC00B231BE /* AppDelegate.h */,
				C2AD43641EE53FBC00B231BE /* AppDelegate.m */,
				C2AD43871EE5499E00B231BE /* MainViewController.h */,
				C2AD43881EE5499E00B231BE /* MainViewController.m */,
				C284BE781EF8A5CF0024DF5D /* share_kber@2x.png */,
				C284BE791EF8A5CF0024DF5D /* share_kber@3x.png */,
				C2AD43891EE5499E00B231BE /* MainViewController.xib */,
				C2AD43821EE548EF00B231BE /* QRCViewController.h */,
				C2AD43831EE548EF00B231BE /* QRCViewController.m */,
				C2AD43841EE548EF00B231BE /* QRCViewController.xib */,
				C2AD438C1EE54A6500B231BE /* XIBViewController.h */,
				C2AD438D1EE54A6500B231BE /* XIBViewController.m */,
				C2AD438E1EE54A6500B231BE /* XIBViewController.xib */,
				C2A075891EEEC4D30095B568 /* ShareViewController.h */,
				C2A0758A1EEEC4D30095B568 /* ShareViewController.m */,
				C2A0758B1EEEC4D30095B568 /* ShareViewController.xib */,
				C2AD436C1EE53FBC00B231BE /* Assets.xcassets */,
				C2AD436E1EE53FBC00B231BE /* LaunchScreen.storyboard */,
				C2AD43711EE53FBC00B231BE /* Info.plist */,
				C2AD43601EE53FBC00B231BE /* Supporting Files */,
			);
			name = QRCode;
			path = KKQRCode;
			sourceTree = "<group>";
		};
		C2AD43601EE53FBC00B231BE /* Supporting Files */ = {
			isa = PBXGroup;
			children = (
				C2AD43611EE53FBC00B231BE /* main.m */,
			);
			name = "Supporting Files";
			sourceTree = "<group>";
		};
/* End PBXGroup section */

/* Begin PBXNativeTarget section */
		C2AD435C1EE53FBC00B231BE /* QRCode */ = {
			isa = PBXNativeTarget;
			buildConfigurationList = C2AD43741EE53FBC00B231BE /* Build configuration list for PBXNativeTarget "QRCode" */;
			buildPhases = (
				FC3A548E6D3F2C2AF9B630FA /* [CP] Check Pods Manifest.lock */,
				C2AD43591EE53FBC00B231BE /* Sources */,
				C2AD435A1EE53FBC00B231BE /* Frameworks */,
				C2AD435B1EE53FBC00B231BE /* Resources */,
				9359942C70D0D636DA5BE70C /* [CP] Embed Pods Frameworks */,
				D82959728D92564392EA3F87 /* [CP] Copy Pods Resources */,
			);
			buildRules = (
			);
			dependencies = (
			);
			name = QRCode;
			productName = KKQRCode;
			productReference = C2AD435D1EE53FBC00B231BE /* QRCode.app */;
			productType = "com.apple.product-type.application";
		};
/* End PBXNativeTarget section */

/* Begin PBXProject section */
		C2AD43551EE53FBC00B231BE /* Project object */ = {
			isa = PBXProject;
			attributes = {
				LastUpgradeCheck = 0830;
				ORGANIZATIONNAME = "余洪江";
				TargetAttributes = {
					C2AD435C1EE53FBC00B231BE = {
						CreatedOnToolsVersion = 8.3.2;
						DevelopmentTeam = 58VA3BYFVV;
						ProvisioningStyle = Automatic;
					};
				};
			};
			buildConfigurationList = C2AD43581EE53FBC00B231BE /* Build configuration list for PBXProject "QRCode" */;
			compatibilityVersion = "Xcode 3.2";
			developmentRegion = English;
			hasScannedForEncodings = 0;
			knownRegions = (
				en,
				Base,
			);
			mainGroup = C2AD43541EE53FBC00B231BE;
			productRefGroup = C2AD435E1EE53FBC00B231BE /* Products */;
			projectDirPath = "";
			projectRoot = "";
			targets = (
				C2AD435C1EE53FBC00B231BE /* QRCode */,
			);
		};
/* End PBXProject section */

/* Begin PBXResourcesBuildPhase section */
		C2AD435B1EE53FBC00B231BE /* Resources */ = {
			isa = PBXResourcesBuildPhase;
			buildActionMask = 2147483647;
			files = (
				C284BE7A1EF8A5CF0024DF5D /* share_kber@2x.png in Resources */,
				C2AD43901EE54A6500B231BE /* XIBViewController.xib in Resources */,
				C2AD43701EE53FBC00B231BE /* LaunchScreen.storyboard in Resources */,
				C2AD43861EE548EF00B231BE /* QRCViewController.xib in Resources */,
				C2AD436D1EE53FBC00B231BE /* Assets.xcassets in Resources */,
				C284BE7B1EF8A5CF0024DF5D /* share_kber@3x.png in Resources */,
				C2A0758D1EEEC4D30095B568 /* ShareViewController.xib in Resources */,
				C2AD438B1EE5499E00B231BE /* MainViewController.xib in Resources */,
			);
			runOnlyForDeploymentPostprocessing = 0;
		};
/* End PBXResourcesBuildPhase section */

/* Begin PBXShellScriptBuildPhase section */
		9359942C70D0D636DA5BE70C /* [CP] Embed Pods Frameworks */ = {
			isa = PBXShellScriptBuildPhase;
			buildActionMask = 2147483647;
			files = (
			);
			inputPaths = (
			);
			name = "[CP] Embed Pods Frameworks";
			outputPaths = (
			);
			runOnlyForDeploymentPostprocessing = 0;
			shellPath = /bin/sh;
			shellScript = "\"${SRCROOT}/Pods/Target Support Files/Pods-QRCode/Pods-QRCode-frameworks.sh\"\n";
			showEnvVarsInLog = 0;
		};
		D82959728D92564392EA3F87 /* [CP] Copy Pods Resources */ = {
			isa = PBXShellScriptBuildPhase;
			buildActionMask = 2147483647;
			files = (
			);
			inputPaths = (
			);
			name = "[CP] Copy Pods Resources";
			outputPaths = (
			);
			runOnlyForDeploymentPostprocessing = 0;
			shellPath = /bin/sh;
			shellScript = "\"${SRCROOT}/Pods/Target Support Files/Pods-QRCode/Pods-QRCode-resources.sh\"\n";
			showEnvVarsInLog = 0;
		};
		FC3A548E6D3F2C2AF9B630FA /* [CP] Check Pods Manifest.lock */ = {
			isa = PBXShellScriptBuildPhase;
			buildActionMask = 2147483647;
			files = (
			);
			inputPaths = (
			);
			name = "[CP] Check Pods Manifest.lock";
			outputPaths = (
			);
			runOnlyForDeploymentPostprocessing = 0;
			shellPath = /bin/sh;
			shellScript = "diff \"${PODS_PODFILE_DIR_PATH}/Podfile.lock\" \"${PODS_ROOT}/Manifest.lock\" > /dev/null\nif [ $? != 0 ] ; then\n    # print error to STDERR\n    echo \"error: The sandbox is not in sync with the Podfile.lock. Run 'pod install' or update your CocoaPods installation.\" >&2\n    exit 1\nfi\n";
			showEnvVarsInLog = 0;
		};
/* End PBXShellScriptBuildPhase section */

/* Begin PBXSourcesBuildPhase section */
		C2AD43591EE53FBC00B231BE /* Sources */ = {
			isa = PBXSourcesBuildPhase;
			buildActionMask = 2147483647;
			files = (
				C2AD438F1EE54A6500B231BE /* XIBViewController.m in Sources */,
				C2AD43851EE548EF00B231BE /* QRCViewController.m in Sources */,
				C2AD43651EE53FBC00B231BE /* AppDelegate.m in Sources */,
				C2AD438A1EE5499E00B231BE /* MainViewController.m in Sources */,
				C2AD43621EE53FBC00B231BE /* main.m in Sources */,
				C2A0758C1EEEC4D30095B568 /* ShareViewController.m in Sources */,
			);
			runOnlyForDeploymentPostprocessing = 0;
		};
/* End PBXSourcesBuildPhase section */

/* Begin PBXVariantGroup section */
		C2AD436E1EE53FBC00B231BE /* LaunchScreen.storyboard */ = {
			isa = PBXVariantGroup;
			children = (
				C2AD436F1EE53FBC00B231BE /* Base */,
			);
			name = LaunchScreen.storyboard;
			sourceTree = "<group>";
		};
/* End PBXVariantGroup section */

/* Begin XCBuildConfiguration section */
		C2AD43721EE53FBC00B231BE /* Debug */ = {
			isa = XCBuildConfiguration;
			buildSettings = {
				ALWAYS_SEARCH_USER_PATHS = NO;
				CLANG_ANALYZER_NONNULL = YES;
				CLANG_ANALYZER_NUMBER_OBJECT_CONVERSION = YES_AGGRESSIVE;
				CLANG_CXX_LANGUAGE_STANDARD = "gnu++0x";
				CLANG_CXX_LIBRARY = "libc++";
				CLANG_ENABLE_MODULES = YES;
				CLANG_ENABLE_OBJC_ARC = YES;
				CLANG_WARN_BOOL_CONVERSION = YES;
				CLANG_WARN_CONSTANT_CONVERSION = YES;
				CLANG_WARN_DIRECT_OBJC_ISA_USAGE = YES_ERROR;
				CLANG_WARN_DOCUMENTATION_COMMENTS = YES;
				CLANG_WARN_EMPTY_BODY = YES;
				CLANG_WARN_ENUM_CONVERSION = YES;
				CLANG_WARN_INFINITE_RECURSION = YES;
				CLANG_WARN_INT_CONVERSION = YES;
				CLANG_WARN_OBJC_ROOT_CLASS = YES_ERROR;
				CLANG_WARN_SUSPICIOUS_MOVE = YES;
				CLANG_WARN_UNREACHABLE_CODE = YES;
				CLANG_WARN__DUPLICATE_METHOD_MATCH = YES;
				"CODE_SIGN_IDENTITY[sdk=iphoneos*]" = "iPhone Developer";
				COPY_PHASE_STRIP = NO;
				DEBUG_INFORMATION_FORMAT = dwarf;
				ENABLE_STRICT_OBJC_MSGSEND = YES;
				ENABLE_TESTABILITY = YES;
				GCC_C_LANGUAGE_STANDARD = gnu99;
				GCC_DYNAMIC_NO_PIC = NO;
				GCC_NO_COMMON_BLOCKS = YES;
				GCC_OPTIMIZATION_LEVEL = 0;
				GCC_PREPROCESSOR_DEFINITIONS = (
					"DEBUG=1",
					"$(inherited)",
				);
				GCC_WARN_64_TO_32_BIT_CONVERSION = YES;
				GCC_WARN_ABOUT_RETURN_TYPE = YES_ERROR;
				GCC_WARN_UNDECLARED_SELECTOR = YES;
				GCC_WARN_UNINITIALIZED_AUTOS = YES_AGGRESSIVE;
				GCC_WARN_UNUSED_FUNCTION = YES;
				GCC_WARN_UNUSED_VARIABLE = YES;
				IPHONEOS_DEPLOYMENT_TARGET = 10.3;
				MTL_ENABLE_DEBUG_INFO = YES;
				ONLY_ACTIVE_ARCH = YES;
				SDKROOT = iphoneos;
				TARGETED_DEVICE_FAMILY = "1,2";
			};
			name = Debug;
		};
		C2AD43731EE53FBC00B231BE /* Release */ = {
			isa = XCBuildConfiguration;
			buildSettings = {
				ALWAYS_SEARCH_USER_PATHS = NO;
				CLANG_ANALYZER_NONNULL = YES;
				CLANG_ANALYZER_NUMBER_OBJECT_CONVERSION = YES_AGGRESSIVE;
				CLANG_CXX_LANGUAGE_STANDARD = "gnu++0x";
				CLANG_CXX_LIBRARY = "libc++";
				CLANG_ENABLE_MODULES = YES;
				CLANG_ENABLE_OBJC_ARC = YES;
				CLANG_WARN_BOOL_CONVERSION = YES;
				CLANG_WARN_CONSTANT_CONVERSION = YES;
				CLANG_WARN_DIRECT_OBJC_ISA_USAGE = YES_ERROR;
				CLANG_WARN_DOCUMENTATION_COMMENTS = YES;
				CLANG_WARN_EMPTY_BODY = YES;
				CLANG_WARN_ENUM_CONVERSION = YES;
				CLANG_WARN_INFINITE_RECURSION = YES;
				CLANG_WARN_INT_CONVERSION = YES;
				CLANG_WARN_OBJC_ROOT_CLASS = YES_ERROR;
				CLANG_WARN_SUSPICIOUS_MOVE = YES;
				CLANG_WARN_UNREACHABLE_CODE = YES;
				CLANG_WARN__DUPLICATE_METHOD_MATCH = YES;
				"CODE_SIGN_IDENTITY[sdk=iphoneos*]" = "iPhone Developer";
				COPY_PHASE_STRIP = NO;
				DEBUG_INFORMATION_FORMAT = "dwarf-with-dsym";
				ENABLE_NS_ASSERTIONS = NO;
				ENABLE_STRICT_OBJC_MSGSEND = YES;
				GCC_C_LANGUAGE_STANDARD = gnu99;
				GCC_NO_COMMON_BLOCKS = YES;
				GCC_WARN_64_TO_32_BIT_CONVERSION = YES;
				GCC_WARN_ABOUT_RETURN_TYPE = YES_ERROR;
				GCC_WARN_UNDECLARED_SELECTOR = YES;
				GCC_WARN_UNINITIALIZED_AUTOS = YES_AGGRESSIVE;
				GCC_WARN_UNUSED_FUNCTION = YES;
				GCC_WARN_UNUSED_VARIABLE = YES;
				IPHONEOS_DEPLOYMENT_TARGET = 10.3;
				MTL_ENABLE_DEBUG_INFO = NO;
				SDKROOT = iphoneos;
				TARGETED_DEVICE_FAMILY = "1,2";
				VALIDATE_PRODUCT = YES;
			};
			name = Release;
		};
		C2AD43751EE53FBC00B231BE /* Debug */ = {
			isa = XCBuildConfiguration;
			baseConfigurationReference = E163BB5F153D6A99FBE488C3 /* Pods-QRCode.debug.xcconfig */;
			buildSettings = {
				ASSETCATALOG_COMPILER_APPICON_NAME = AppIcon;
				CODE_SIGN_IDENTITY = "iPhone Developer: 洪江 余 (SUMF3H4Y36)";
				"CODE_SIGN_IDENTITY[sdk=iphoneos*]" = "iPhone Developer";
				DEVELOPMENT_TEAM = "";
				ENABLE_BITCODE = NO;
				FRAMEWORK_SEARCH_PATHS = (
					"$(inherited)",
					"$(PROJECT_DIR)/KKQRCode",
				);
				INFOPLIST_FILE = KKQRCode/Info.plist;
				IPHONEOS_DEPLOYMENT_TARGET = 8.0;
				LD_RUNPATH_SEARCH_PATHS = "$(inherited) @executable_path/Frameworks";
				PRODUCT_BUNDLE_IDENTIFIER = com.kakao.topbroker;
				PRODUCT_NAME = "$(TARGET_NAME)";
				PROVISIONING_PROFILE = "";
				PROVISIONING_PROFILE_SPECIFIER = "";
			};
			name = Debug;
		};
		C2AD43761EE53FBC00B231BE /* Release */ = {
			isa = XCBuildConfiguration;
			baseConfigurationReference = C1DAEEAF09B509F048C0D975 /* Pods-QRCode.release.xcconfig */;
			buildSettings = {
				ASSETCATALOG_COMPILER_APPICON_NAME = AppIcon;
				CODE_SIGN_IDENTITY = "iPhone Developer: 洪江 余 (SUMF3H4Y36)";
				"CODE_SIGN_IDENTITY[sdk=iphoneos*]" = "iPhone Developer";
				DEVELOPMENT_TEAM = "";
				ENABLE_BITCODE = NO;
				FRAMEWORK_SEARCH_PATHS = (
					"$(inherited)",
					"$(PROJECT_DIR)/KKQRCode",
				);
				INFOPLIST_FILE = KKQRCode/Info.plist;
				IPHONEOS_DEPLOYMENT_TARGET = 8.0;
				LD_RUNPATH_SEARCH_PATHS = "$(inherited) @executable_path/Frameworks";
				PRODUCT_BUNDLE_IDENTIFIER = com.kakao.topbroker;
				PRODUCT_NAME = "$(TARGET_NAME)";
				PROVISIONING_PROFILE_SPECIFIER = "";
			};
			name = Release;
		};
/* End XCBuildConfiguration section */

/* Begin XCConfigurationList section */
		C2AD43581EE53FBC00B231BE /* Build configuration list for PBXProject "QRCode" */ = {
			isa = XCConfigurationList;
			buildConfigurations = (
				C2AD43721EE53FBC00B231BE /* Debug */,
				C2AD43731EE53FBC00B231BE /* Release */,
			);
			defaultConfigurationIsVisible = 0;
			defaultConfigurationName = Release;
		};
		C2AD43741EE53FBC00B231BE /* Build configuration list for PBXNativeTarget "QRCode" */ = {
			isa = XCConfigurationList;
			buildConfigurations = (
				C2AD43751EE53FBC00B231BE /* Debug */,
				C2AD43761EE53FBC00B231BE /* Release */,
			);
			defaultConfigurationIsVisible = 0;
			defaultConfigurationName = Release;
		};
/* End XCConfigurationList section */
	};
	rootObject = C2AD43551EE53FBC00B231BE /* Project object */;
}
